<?xml version="1.0" encoding="utf-8"?>
<Project ToolsVersion="4.0" xmlns="http://schemas.microsoft.com/developer/msbuild/2003">
  <ItemGroup>
    <Filter Include="Source Files">
      <UniqueIdentifier>{4FC737F1-C7A5-4376-A066-2A32D752A2FF}</UniqueIdentifier>
      <Extensions>cpp;c;cc;cxx;c++;cppm;ixx;def;odl;idl;hpj;bat;asm;asmx</Extensions>
    </Filter>
    <Filter Include="Header Files">
      <UniqueIdentifier>{93995380-89BD-4b04-88EB-625FBE52EBFB}</UniqueIdentifier>
      <Extensions>h;hh;hpp;hxx;h++;hm;inl;inc;ipp;xsd</Extensions>
    </Filter>
    <Filter Include="Resource Files">
      <UniqueIdentifier>{67DA6AB6-F800-4c08-8B7A-83BB121AAD01}</UniqueIdentifier>
      <Extensions>rc;ico;cur;bmp;dlg;rc2;rct;bin;rgs;gif;jpg;jpeg;jpe;resx;tiff;tif;png;wav;mfcribbon-ms</Extensions>
    </Filter>
  </ItemGroup>
  <ItemGroup>
    <ClInclude Include="framework.h">
      <Filter>Header Files</Filter>
    </ClInclude>
    <ClInclude Include="hmac\hmacsha256.h">
      <Filter>Header Files</Filter>
    </ClInclude>
    <ClInclude Include="hmac\hmacsha512.h">
      <Filter>Header Files</Filter>
    </ClInclude>
    <ClInclude Include="keccak\keccak.h">
      <Filter>Header Files</Filter>
    </ClInclude>
    <ClInclude Include="pbkdf2\pbkdf2.h">
      <Filter>Header Files</Filter>
    </ClInclude>
    <ClInclude Include="random\chacha20.h">
      <Filter>Header Files</Filter>
    </ClInclude>
    <ClInclude Include="random\random.h">
      <Filter>Header Files</Filter>
    </ClInclude>
    <ClInclude Include="ripemd160\ripemd160.h">
      <Filter>Header Files</Filter>
    </ClInclude>
    <ClInclude Include="sha\sha256.h">
      <Filter>Header Files</Filter>
    </ClInclude>
    <ClInclude Include="sha\sha512.h">
      <Filter>Header Files</Filter>
    </ClInclude>
    <ClInclude Include="util\aligned.h">
      <Filter>Header Files</Filter>
    </ClInclude>
    <ClInclude Include="util\memwipe.h">
      <Filter>Header Files</Filter>
    </ClInclude>
    <ClInclude Include="util\span.h">
      <Filter>Header Files</Filter>
    </ClInclude>
    <ClInclude Include="util\varint.h">
      <Filter>Header Files</Filter>
    </ClInclude>
    <ClInclude Include="bulletproof.h">
      <Filter>Header Files</Filter>
    </ClInclude>
    <ClInclude Include="crypto.h">
      <Filter>Header Files</Filter>
    </ClInclude>
    <ClInclude Include="crypto_curve.h">
      <Filter>Header Files</Filter>
    </ClInclude>
    <ClInclude Include="export.h">
      <Filter>Header Files</Filter>
    </ClInclude>
    <ClInclude Include="initializer.h">
      <Filter>Header Files</Filter>
    </ClInclude>
    <ClInclude Include="multiexp.h">
      <Filter>Header Files</Filter>
    </ClInclude>
    <ClInclude Include="ops.h">
      <Filter>Header Files</Filter>
    </ClInclude>
    <ClInclude Include="proofs.h">
      <Filter>Header Files</Filter>
    </ClInclude>
    <ClInclude Include="sc_reduce32copy.h">
      <Filter>Header Files</Filter>
    </ClInclude>
    <ClInclude Include="transaction.h">
      <Filter>Header Files</Filter>
    </ClInclude>
    <ClInclude Include="types.h">
      <Filter>Header Files</Filter>
    </ClInclude>
    <ClInclude Include="util.h">
      <Filter>Header Files</Filter>
    </ClInclude>
    <ClInclude Include="verify.h">
      <Filter>Header Files</Filter>
    </ClInclude>
  </ItemGroup>
  <ItemGroup>
    <ClCompile Include="src\core\bulletproof.cpp">
      <Filter>Source Files</Filter>
    </ClCompile>
    <ClCompile Include="src\core\multiexp.cpp">
      <Filter>Source Files</Filter>
    </ClCompile>
    <ClCompile Include="src\core\ops.cpp">
      <Filter>Source Files</Filter>
    </ClCompile>
    <ClCompile Include="src\core\proofs.cpp">
      <Filter>Source Files</Filter>
    </ClCompile>
    <ClCompile Include="src\core\sc_reduce32copy.c">
      <Filter>Source Files</Filter>
    </ClCompile>
    <ClCompile Include="src\core\transaction.cpp">
      <Filter>Source Files</Filter>
    </ClCompile>
    <ClCompile Include="src\core\types.cpp">
      <Filter>Source Files</Filter>
    </ClCompile>
    <ClCompile Include="src\crypto\hmac\hmacsha256.c">
      <Filter>Source Files</Filter>
    </ClCompile>
    <ClCompile Include="src\crypto\hmac\hmacsha512.c">
      <Filter>Source Files</Filter>
    </ClCompile>
    <ClCompile Include="src\crypto\keccak\keccak.c">
      <Filter>Source Files</Filter>
    </ClCompile>
    <ClCompile Include="src\crypto\pbkdf2\pbkdf2.c">
      <Filter>Source Files</Filter>
    </ClCompile>
    <ClCompile Include="src\crypto\random\chacha20.c">
      <Filter>Source Files</Filter>
    </ClCompile>
    <ClCompile Include="src\crypto\random\random.c">
      <Filter>Source Files</Filter>
    </ClCompile>
    <ClCompile Include="src\crypto\ripemd160\ripemd160.c">
      <Filter>Source Files</Filter>
    </ClCompile>
    <ClCompile Include="src\crypto\sha\sha256.c">
      <Filter>Source Files</Filter>
    </ClCompile>
    <ClCompile Include="src\crypto\sha\sha512.c">
      <Filter>Source Files</Filter>
    </ClCompile>
    <ClCompile Include="src\crypto\crypto.cpp">
      <Filter>Source Files</Filter>
    </ClCompile>
    <ClCompile Include="src\crypto\crypto_curve.c">
      <Filter>Source Files</Filter>
    </ClCompile>
    <ClCompile Include="src\crypto\crypto_data.c">
      <Filter>Source Files</Filter>
    </ClCompile>
    <ClCompile Include="src\crypto\test.cpp">
      <Filter>Source Files</Filter>
    </ClCompile>
    <ClCompile Include="src\crypto\verify.c">
      <Filter>Source Files</Filter>
    </ClCompile>
    <ClCompile Include="src\util\aligned.c">
      <Filter>Source Files</Filter>
    </ClCompile>
    <ClCompile Include="src\util\memwipe.c">
      <Filter>Source Files</Filter>
    </ClCompile>
  </ItemGroup>
  <ItemGroup>
    <None Include="src\core\README.md" />
  </ItemGroup>
</Project>